// !$*UTF8*$!
{
	archiveVersion = 1;
	classes = {
	};
	objectVersion = 50;
	objects = {

/* Begin PBXBuildFile section */
		DA1DC9C22B8C11A200CCD31D /* AppDelegate.swift in Sources */ = {isa = PBXBuildFile; fileRef = DA1DC9C12B8C11A200CCD31D /* AppDelegate.swift */; };
		DA1DC9C42B8C11A200CCD31D /* SceneDelegate.swift in Sources */ = {isa = PBXBuildFile; fileRef = DA1DC9C32B8C11A200CCD31D /* SceneDelegate.swift */; };
		DA1DC9C62B8C11A200CCD31D /* ViewController.swift in Sources */ = {isa = PBXBuildFile; fileRef = DA1DC9C52B8C11A200CCD31D /* ViewController.swift */; };
		DA1DC9C92B8C11A200CCD31D /* Main.storyboard in Resources */ = {isa = PBXBuildFile; fileRef = DA1DC9C72B8C11A200CCD31D /* Main.storyboard */; };
		DA1DC9CB2B8C11A200CCD31D /* Assets.xcassets in Resources */ = {isa = PBXBuildFile; fileRef = DA1DC9CA2B8C11A200CCD31D /* Assets.xcassets */; };
		DA1DC9CE2B8C11A200CCD31D /* LaunchScreen.storyboard in Resources */ = {isa = PBXBuildFile; fileRef = DA1DC9CC2B8C11A200CCD31D /* LaunchScreen.storyboard */; };
		DA3C3F8C2B8F9B99002C0FC0 /* UserModel.swift in Sources */ = {isa = PBXBuildFile; fileRef = DA3C3F8B2B8F9B99002C0FC0 /* UserModel.swift */; };
		DA8903052B8F4CFB00D6B1A3 /* CategoryCollectionViewCell.swift in Sources */ = {isa = PBXBuildFile; fileRef = DA8903032B8F4CFB00D6B1A3 /* CategoryCollectionViewCell.swift */; };
		DA8903062B8F4CFB00D6B1A3 /* CategoryCollectionViewCell.xib in Resources */ = {isa = PBXBuildFile; fileRef = DA8903042B8F4CFB00D6B1A3 /* CategoryCollectionViewCell.xib */; };
		DA89030A2B8F4F4D00D6B1A3 /* DishCategory.swift in Sources */ = {isa = PBXBuildFile; fileRef = DA8903092B8F4F4D00D6B1A3 /* DishCategory.swift */; };
		DAD4C7632B8CAA8400E57E42 /* LoginViewController.swift in Sources */ = {isa = PBXBuildFile; fileRef = DAD4C7622B8CAA8400E57E42 /* LoginViewController.swift */; };
		DAD4C7652B8CB02500E57E42 /* CreateAccountViewController.swift in Sources */ = {isa = PBXBuildFile; fileRef = DAD4C7642B8CB02500E57E42 /* CreateAccountViewController.swift */; };
		DAD4C7672B8CD80400E57E42 /* MobileAppDatabase.db in Resources */ = {isa = PBXBuildFile; fileRef = DAD4C7662B8CD80300E57E42 /* MobileAppDatabase.db */; };
		DAD4C7692B8CD86F00E57E42 /* DBHelper.swift in Sources */ = {isa = PBXBuildFile; fileRef = DAD4C7682B8CD86F00E57E42 /* DBHelper.swift */; };
		DAD4C76E2B8CEF8700E57E42 /* LoginRepository.swift in Sources */ = {isa = PBXBuildFile; fileRef = DAD4C76D2B8CEF8700E57E42 /* LoginRepository.swift */; };
		DAD4C7702B8CEFA300E57E42 /* SignupRepository.swift in Sources */ = {isa = PBXBuildFile; fileRef = DAD4C76F2B8CEFA300E57E42 /* SignupRepository.swift */; };
		DAF144C72B8F646000818BD9 /* HomeViewController.swift in Sources */ = {isa = PBXBuildFile; fileRef = DAF144C62B8F646000818BD9 /* HomeViewController.swift */; };
/* End PBXBuildFile section */

/* Begin PBXFileReference section */
		DA1DC9BE2B8C11A100CCD31D /* MobileAppTest.app */ = {isa = PBXFileReference; explicitFileType = wrapper.application; includeInIndex = 0; path = MobileAppTest.app; sourceTree = BUILT_PRODUCTS_DIR; };
		DA1DC9C12B8C11A200CCD31D /* AppDelegate.swift */ = {isa = PBXFileReference; lastKnownFileType = sourcecode.swift; path = AppDelegate.swift; sourceTree = "<group>"; };
		DA1DC9C32B8C11A200CCD31D /* SceneDelegate.swift */ = {isa = PBXFileReference; lastKnownFileType = sourcecode.swift; path = SceneDelegate.swift; sourceTree = "<group>"; };
		DA1DC9C52B8C11A200CCD31D /* ViewController.swift */ = {isa = PBXFileReference; lastKnownFileType = sourcecode.swift; path = ViewController.swift; sourceTree = "<group>"; };
		DA1DC9C82B8C11A200CCD31D /* Base */ = {isa = PBXFileReference; lastKnownFileType = file.storyboard; name = Base; path = Base.lproj/Main.storyboard; sourceTree = "<group>"; };
		DA1DC9CA2B8C11A200CCD31D /* Assets.xcassets */ = {isa = PBXFileReference; lastKnownFileType = folder.assetcatalog; path = Assets.xcassets; sourceTree = "<group>"; };
		DA1DC9CD2B8C11A200CCD31D /* Base */ = {isa = PBXFileReference; lastKnownFileType = file.storyboard; name = Base; path = Base.lproj/LaunchScreen.storyboard; sourceTree = "<group>"; };
		DA1DC9CF2B8C11A200CCD31D /* Info.plist */ = {isa = PBXFileReference; lastKnownFileType = text.plist.xml; path = Info.plist; sourceTree = "<group>"; };
		DA3C3F8B2B8F9B99002C0FC0 /* UserModel.swift */ = {isa = PBXFileReference; lastKnownFileType = sourcecode.swift; path = UserModel.swift; sourceTree = "<group>"; };
		DA8902F12B8E4DE400D6B1A3 /* MobileApp.db */ = {isa = PBXFileReference; lastKnownFileType = file; name = MobileApp.db; path = ../../../../MobileApp.db; sourceTree = "<group>"; };
		DA8903032B8F4CFB00D6B1A3 /* CategoryCollectionViewCell.swift */ = {isa = PBXFileReference; lastKnownFileType = sourcecode.swift; path = CategoryCollectionViewCell.swift; sourceTree = "<group>"; };
		DA8903042B8F4CFB00D6B1A3 /* CategoryCollectionViewCell.xib */ = {isa = PBXFileReference; lastKnownFileType = file.xib; path = CategoryCollectionViewCell.xib; sourceTree = "<group>"; };
		DA8903092B8F4F4D00D6B1A3 /* DishCategory.swift */ = {isa = PBXFileReference; lastKnownFileType = sourcecode.swift; path = DishCategory.swift; sourceTree = "<group>"; };
		DAD4C7622B8CAA8400E57E42 /* LoginViewController.swift */ = {isa = PBXFileReference; lastKnownFileType = sourcecode.swift; path = LoginViewController.swift; sourceTree = "<group>"; };
		DAD4C7642B8CB02500E57E42 /* CreateAccountViewController.swift */ = {isa = PBXFileReference; lastKnownFileType = sourcecode.swift; path = CreateAccountViewController.swift; sourceTree = "<group>"; };
		DAD4C7662B8CD80300E57E42 /* MobileAppDatabase.db */ = {isa = PBXFileReference; lastKnownFileType = file; path = MobileAppDatabase.db; sourceTree = "<group>"; };
		DAD4C7682B8CD86F00E57E42 /* DBHelper.swift */ = {isa = PBXFileReference; lastKnownFileType = sourcecode.swift; path = DBHelper.swift; sourceTree = "<group>"; };
		DAD4C76D2B8CEF8700E57E42 /* LoginRepository.swift */ = {isa = PBXFileReference; lastKnownFileType = sourcecode.swift; path = LoginRepository.swift; sourceTree = "<group>"; };
		DAD4C76F2B8CEFA300E57E42 /* SignupRepository.swift */ = {isa = PBXFileReference; lastKnownFileType = sourcecode.swift; path = SignupRepository.swift; sourceTree = "<group>"; };
		DAF144C62B8F646000818BD9 /* HomeViewController.swift */ = {isa = PBXFileReference; lastKnownFileType = sourcecode.swift; path = HomeViewController.swift; sourceTree = "<group>"; };
/* End PBXFileReference section */

/* Begin PBXFrameworksBuildPhase section */
		DA1DC9BB2B8C11A100CCD31D /* Frameworks */ = {
			isa = PBXFrameworksBuildPhase;
			buildActionMask = 2147483647;
			files = (
			);
			runOnlyForDeploymentPostprocessing = 0;
		};
/* End PBXFrameworksBuildPhase section */

/* Begin PBXGroup section */
		DA1DC9B52B8C11A100CCD31D = {
			isa = PBXGroup;
			children = (
				DA1DC9C02B8C11A100CCD31D /* MobileAppTest */,
				DA1DC9BF2B8C11A100CCD31D /* Products */,
			);
			sourceTree = "<group>";
		};
		DA1DC9BF2B8C11A100CCD31D /* Products */ = {
			isa = PBXGroup;
			children = (
				DA1DC9BE2B8C11A100CCD31D /* MobileAppTest.app */,
			);
			name = Products;
			sourceTree = "<group>";
		};
		DA1DC9C02B8C11A100CCD31D /* MobileAppTest */ = {
			isa = PBXGroup;
			children = (
				DA8903072B8F4F1900D6B1A3 /* Models */,
				DA8902F62B8F498F00D6B1A3 /* CustomViews */,
				DAD4C7712B8D557D00E57E42 /* Views */,
				DAD4C76C2B8CEEFD00E57E42 /* Repository */,
				DAD4C76A2B8CD88000E57E42 /* Database */,
				DA1DC9C12B8C11A200CCD31D /* AppDelegate.swift */,
				DA1DC9C32B8C11A200CCD31D /* SceneDelegate.swift */,
				DA1DC9C52B8C11A200CCD31D /* ViewController.swift */,
				DA1DC9C72B8C11A200CCD31D /* Main.storyboard */,
				DAD4C7642B8CB02500E57E42 /* CreateAccountViewController.swift */,
				DAD4C7622B8CAA8400E57E42 /* LoginViewController.swift */,
				DA1DC9CA2B8C11A200CCD31D /* Assets.xcassets */,
				DA1DC9CC2B8C11A200CCD31D /* LaunchScreen.storyboard */,
				DA1DC9CF2B8C11A200CCD31D /* Info.plist */,
			);
			path = MobileAppTest;
			sourceTree = "<group>";
		};
		DA8902F62B8F498F00D6B1A3 /* CustomViews */ = {
			isa = PBXGroup;
			children = (
				DA8902F72B8F4B4400D6B1A3 /* CollectionViewCells */,
			);
			path = CustomViews;
			sourceTree = "<group>";
		};
		DA8902F72B8F4B4400D6B1A3 /* CollectionViewCells */ = {
			isa = PBXGroup;
			children = (
				DA8903022B8F4CAB00D6B1A3 /* CategoryCollectionViewCell */,
			);
			path = CollectionViewCells;
			sourceTree = "<group>";
		};
		DA8903022B8F4CAB00D6B1A3 /* CategoryCollectionViewCell */ = {
			isa = PBXGroup;
			children = (
				DA8903032B8F4CFB00D6B1A3 /* CategoryCollectionViewCell.swift */,
				DA8903042B8F4CFB00D6B1A3 /* CategoryCollectionViewCell.xib */,
			);
			path = CategoryCollectionViewCell;
			sourceTree = "<group>";
		};
		DA8903072B8F4F1900D6B1A3 /* Models */ = {
			isa = PBXGroup;
			children = (
				DA8903092B8F4F4D00D6B1A3 /* DishCategory.swift */,
				DA3C3F8B2B8F9B99002C0FC0 /* UserModel.swift */,
			);
			path = Models;
			sourceTree = "<group>";
		};
		DAD4C76A2B8CD88000E57E42 /* Database */ = {
			isa = PBXGroup;
			children = (
				DA8902F12B8E4DE400D6B1A3 /* MobileApp.db */,
				DAD4C7662B8CD80300E57E42 /* MobileAppDatabase.db */,
				DAD4C7682B8CD86F00E57E42 /* DBHelper.swift */,
			);
			path = Database;
			sourceTree = "<group>";
		};
		DAD4C76C2B8CEEFD00E57E42 /* Repository */ = {
			isa = PBXGroup;
			children = (
				DAD4C76D2B8CEF8700E57E42 /* LoginRepository.swift */,
				DAD4C76F2B8CEFA300E57E42 /* SignupRepository.swift */,
			);
			path = Repository;
			sourceTree = "<group>";
		};
		DAD4C7712B8D557D00E57E42 /* Views */ = {
			isa = PBXGroup;
			children = (
				DAD4C7722B8D559B00E57E42 /* Home */,
			);
			path = Views;
			sourceTree = "<group>";
		};
		DAD4C7722B8D559B00E57E42 /* Home */ = {
			isa = PBXGroup;
			children = (
				DAF144C62B8F646000818BD9 /* HomeViewController.swift */,
			);
			path = Home;
			sourceTree = "<group>";
		};
/* End PBXGroup section */

/* Begin PBXNativeTarget section */
		DA1DC9BD2B8C11A100CCD31D /* MobileAppTest */ = {
			isa = PBXNativeTarget;
			buildConfigurationList = DA1DC9D22B8C11A200CCD31D /* Build configuration list for PBXNativeTarget "MobileAppTest" */;
			buildPhases = (
				DA1DC9BA2B8C11A100CCD31D /* Sources */,
				DA1DC9BB2B8C11A100CCD31D /* Frameworks */,
				DA1DC9BC2B8C11A100CCD31D /* Resources */,
			);
			buildRules = (
			);
			dependencies = (
			);
			name = MobileAppTest;
			productName = MobileAppTest;
			productReference = DA1DC9BE2B8C11A100CCD31D /* MobileAppTest.app */;
			productType = "com.apple.product-type.application";
		};
/* End PBXNativeTarget section */

/* Begin PBXProject section */
		DA1DC9B62B8C11A100CCD31D /* Project object */ = {
			isa = PBXProject;
			attributes = {
				LastSwiftUpdateCheck = 1170;
				LastUpgradeCheck = 1170;
				ORGANIZATIONNAME = THIS;
				TargetAttributes = {
					DA1DC9BD2B8C11A100CCD31D = {
						CreatedOnToolsVersion = 11.7;
					};
				};
			};
			buildConfigurationList = DA1DC9B92B8C11A100CCD31D /* Build configuration list for PBXProject "MobileAppTest" */;
			compatibilityVersion = "Xcode 9.3";
			developmentRegion = en;
			hasScannedForEncodings = 0;
			knownRegions = (
				en,
				Base,
			);
			mainGroup = DA1DC9B52B8C11A100CCD31D;
			productRefGroup = DA1DC9BF2B8C11A100CCD31D /* Products */;
			projectDirPath = "";
			projectRoot = "";
			targets = (
				DA1DC9BD2B8C11A100CCD31D /* MobileAppTest */,
			);
		};
/* End PBXProject section */

/* Begin PBXResourcesBuildPhase section */
		DA1DC9BC2B8C11A100CCD31D /* Resources */ = {
			isa = PBXResourcesBuildPhase;
			buildActionMask = 2147483647;
			files = (
				DA1DC9CE2B8C11A200CCD31D /* LaunchScreen.storyboard in Resources */,
				DA8903062B8F4CFB00D6B1A3 /* CategoryCollectionViewCell.xib in Resources */,
				DA1DC9CB2B8C11A200CCD31D /* Assets.xcassets in Resources */,
				DAD4C7672B8CD80400E57E42 /* MobileAppDatabase.db in Resources */,
				DA1DC9C92B8C11A200CCD31D /* Main.storyboard in Resources */,
			);
			runOnlyForDeploymentPostprocessing = 0;
		};
/* End PBXResourcesBuildPhase section */

/* Begin PBXSourcesBuildPhase section */
		DA1DC9BA2B8C11A100CCD31D /* Sources */ = {
			isa = PBXSourcesBuildPhase;
			buildActionMask = 2147483647;
			files = (
				DAD4C7652B8CB02500E57E42 /* CreateAccountViewController.swift in Sources */,
				DAD4C7692B8CD86F00E57E42 /* DBHelper.swift in Sources */,
				DAD4C7632B8CAA8400E57E42 /* LoginViewController.swift in Sources */,
				DAD4C76E2B8CEF8700E57E42 /* LoginRepository.swift in Sources */,
				DA1DC9C62B8C11A200CCD31D /* ViewController.swift in Sources */,
				DA8903052B8F4CFB00D6B1A3 /* CategoryCollectionViewCell.swift in Sources */,
				DA89030A2B8F4F4D00D6B1A3 /* DishCategory.swift in Sources */,
				DAF144C72B8F646000818BD9 /* HomeViewController.swift in Sources */,
				DA1DC9C22B8C11A200CCD31D /* AppDelegate.swift in Sources */,
				DA1DC9C42B8C11A200CCD31D /* SceneDelegate.swift in Sources */,
				DA3C3F8C2B8F9B99002C0FC0 /* UserModel.swift in Sources */,
				DAD4C7702B8CEFA300E57E42 /* SignupRepository.swift in Sources */,
			);
			runOnlyForDeploymentPostprocessing = 0;
		};
/* End PBXSourcesBuildPhase section */

/* Begin PBXVariantGroup section */
		DA1DC9C72B8C11A200CCD31D /* Main.storyboard */ = {
			isa = PBXVariantGroup;
			children = (
				DA1DC9C82B8C11A200CCD31D /* Base */,
			);
			name = Main.storyboard;
			sourceTree = "<group>";
		};
		DA1DC9CC2B8C11A200CCD31D /* LaunchScreen.storyboard */ = {
			isa = PBXVariantGroup;
			children = (
				DA1DC9CD2B8C11A200CCD31D /* Base */,
			);
			name = LaunchScreen.storyboard;
			sourceTree = "<group>";
		};
/* End PBXVariantGroup section */

/* Begin XCBuildConfiguration section */
		DA1DC9D02B8C11A200CCD31D /* Debug */ = {
			isa = XCBuildConfiguration;
			buildSettings = {
				ALWAYS_SEARCH_USER_PATHS = NO;
				CLANG_ANALYZER_NONNULL = YES;
				CLANG_ANALYZER_NUMBER_OBJECT_CONVERSION = YES_AGGRESSIVE;
				CLANG_CXX_LANGUAGE_STANDARD = "gnu++14";
				CLANG_CXX_LIBRARY = "libc++";
				CLANG_ENABLE_MODULES = YES;
				CLANG_ENABLE_OBJC_ARC = YES;
				CLANG_ENABLE_OBJC_WEAK = YES;
				CLANG_WARN_BLOCK_CAPTURE_AUTORELEASING = YES;
				CLANG_WARN_BOOL_CONVERSION = YES;
				CLANG_WARN_COMMA = YES;
				CLANG_WARN_CONSTANT_CONVERSION = YES;
				CLANG_WARN_DEPRECATED_OBJC_IMPLEMENTATIONS = YES;
				CLANG_WARN_DIRECT_OBJC_ISA_USAGE = YES_ERROR;
				CLANG_WARN_DOCUMENTATION_COMMENTS = YES;
				CLANG_WARN_EMPTY_BODY = YES;
				CLANG_WARN_ENUM_CONVERSION = YES;
				CLANG_WARN_INFINITE_RECURSION = YES;
				CLANG_WARN_INT_CONVERSION = YES;
				CLANG_WARN_NON_LITERAL_NULL_CONVERSION = YES;
				CLANG_WARN_OBJC_IMPLICIT_RETAIN_SELF = YES;
				CLANG_WARN_OBJC_LITERAL_CONVERSION = YES;
				CLANG_WARN_OBJC_ROOT_CLASS = YES_ERROR;
				CLANG_WARN_RANGE_LOOP_ANALYSIS = YES;
				CLANG_WARN_STRICT_PROTOTYPES = YES;
				CLANG_WARN_SUSPICIOUS_MOVE = YES;
				CLANG_WARN_UNGUARDED_AVAILABILITY = YES_AGGRESSIVE;
				CLANG_WARN_UNREACHABLE_CODE = YES;
				CLANG_WARN__DUPLICATE_METHOD_MATCH = YES;
				COPY_PHASE_STRIP = NO;
				DEBUG_INFORMATION_FORMAT = dwarf;
				ENABLE_STRICT_OBJC_MSGSEND = YES;
				ENABLE_TESTABILITY = YES;
				GCC_C_LANGUAGE_STANDARD = gnu11;
				GCC_DYNAMIC_NO_PIC = NO;
				GCC_NO_COMMON_BLOCKS = YES;
				GCC_OPTIMIZATION_LEVEL = 0;
				GCC_PREPROCESSOR_DEFINITIONS = (
					"DEBUG=1",
					"$(inherited)",
				);
				GCC_WARN_64_TO_32_BIT_CONVERSION = YES;
				GCC_WARN_ABOUT_RETURN_TYPE = YES_ERROR;
				GCC_WARN_UNDECLARED_SELECTOR = YES;
				GCC_WARN_UNINITIALIZED_AUTOS = YES_AGGRESSIVE;
				GCC_WARN_UNUSED_FUNCTION = YES;
				GCC_WARN_UNUSED_VARIABLE = YES;
				IPHONEOS_DEPLOYMENT_TARGET = 13.7;
				MTL_ENABLE_DEBUG_INFO = INCLUDE_SOURCE;
				MTL_FAST_MATH = YES;
				ONLY_ACTIVE_ARCH = YES;
				SDKROOT = iphoneos;
				SWIFT_ACTIVE_COMPILATION_CONDITIONS = DEBUG;
				SWIFT_OPTIMIZATION_LEVEL = "-Onone";
			};
			name = Debug;
		};
		DA1DC9D12B8C11A200CCD31D /* Release */ = {
			isa = XCBuildConfiguration;
			buildSettings = {
				ALWAYS_SEARCH_USER_PATHS = NO;
				CLANG_ANALYZER_NONNULL = YES;
				CLANG_ANALYZER_NUMBER_OBJECT_CONVERSION = YES_AGGRESSIVE;
				CLANG_CXX_LANGUAGE_STANDARD = "gnu++14";
				CLANG_CXX_LIBRARY = "libc++";
				CLANG_ENABLE_MODULES = YES;
				CLANG_ENABLE_OBJC_ARC = YES;
				CLANG_ENABLE_OBJC_WEAK = YES;
				CLANG_WARN_BLOCK_CAPTURE_AUTORELEASING = YES;
				CLANG_WARN_BOOL_CONVERSION = YES;
				CLANG_WARN_COMMA = YES;
				CLANG_WARN_CONSTANT_CONVERSION = YES;
				CLANG_WARN_DEPRECATED_OBJC_IMPLEMENTATIONS = YES;
				CLANG_WARN_DIRECT_OBJC_ISA_USAGE = YES_ERROR;
				CLANG_WARN_DOCUMENTATION_COMMENTS = YES;
				CLANG_WARN_EMPTY_BODY = YES;
				CLANG_WARN_ENUM_CONVERSION = YES;
				CLANG_WARN_INFINITE_RECURSION = YES;
				CLANG_WARN_INT_CONVERSION = YES;
				CLANG_WARN_NON_LITERAL_NULL_CONVERSION = YES;
				CLANG_WARN_OBJC_IMPLICIT_RETAIN_SELF = YES;
				CLANG_WARN_OBJC_LITERAL_CONVERSION = YES;
				CLANG_WARN_OBJC_ROOT_CLASS = YES_ERROR;
				CLANG_WARN_RANGE_LOOP_ANALYSIS = YES;
				CLANG_WARN_STRICT_PROTOTYPES = YES;
				CLANG_WARN_SUSPICIOUS_MOVE = YES;
				CLANG_WARN_UNGUARDED_AVAILABILITY = YES_AGGRESSIVE;
				CLANG_WARN_UNREACHABLE_CODE = YES;
				CLANG_WARN__DUPLICATE_METHOD_MATCH = YES;
				COPY_PHASE_STRIP = NO;
				DEBUG_INFORMATION_FORMAT = "dwarf-with-dsym";
				ENABLE_NS_ASSERTIONS = NO;
				ENABLE_STRICT_OBJC_MSGSEND = YES;
				GCC_C_LANGUAGE_STANDARD = gnu11;
				GCC_NO_COMMON_BLOCKS = YES;
				GCC_WARN_64_TO_32_BIT_CONVERSION = YES;
				GCC_WARN_ABOUT_RETURN_TYPE = YES_ERROR;
				GCC_WARN_UNDECLARED_SELECTOR = YES;
				GCC_WARN_UNINITIALIZED_AUTOS = YES_AGGRESSIVE;
				GCC_WARN_UNUSED_FUNCTION = YES;
				GCC_WARN_UNUSED_VARIABLE = YES;
				IPHONEOS_DEPLOYMENT_TARGET = 13.7;
				MTL_ENABLE_DEBUG_INFO = NO;
				MTL_FAST_MATH = YES;
				SDKROOT = iphoneos;
				SWIFT_COMPILATION_MODE = wholemodule;
				SWIFT_OPTIMIZATION_LEVEL = "-O";
				VALIDATE_PRODUCT = YES;
			};
			name = Release;
		};
		DA1DC9D32B8C11A200CCD31D /* Debug */ = {
			isa = XCBuildConfiguration;
			buildSettings = {
				ASSETCATALOG_COMPILER_APPICON_NAME = AppIcon;
				CODE_SIGN_STYLE = Automatic;
				INFOPLIST_FILE = MobileAppTest/Info.plist;
				LD_RUNPATH_SEARCH_PATHS = (
					"$(inherited)",
					"@executable_path/Frameworks",
				);
				PRODUCT_BUNDLE_IDENTIFIER = com.App.MobileAppTest;
				PRODUCT_NAME = "$(TARGET_NAME)";
				SWIFT_VERSION = 5.0;
				TARGETED_DEVICE_FAMILY = "1,2";
			};
			name = Debug;
		};
		DA1DC9D42B8C11A200CCD31D /* Release */ = {
			isa = XCBuildConfiguration;
			buildSettings = {
				ASSETCATALOG_COMPILER_APPICON_NAME = AppIcon;
				CODE_SIGN_STYLE = Automatic;
				INFOPLIST_FILE = MobileAppTest/Info.plist;
				LD_RUNPATH_SEARCH_PATHS = (
					"$(inherited)",
					"@executable_path/Frameworks",
				);
				PRODUCT_BUNDLE_IDENTIFIER = com.App.MobileAppTest;
				PRODUCT_NAME = "$(TARGET_NAME)";
				SWIFT_VERSION = 5.0;
				TARGETED_DEVICE_FAMILY = "1,2";
			};
			name = Release;
		};
/* End XCBuildConfiguration section */

/* Begin XCConfigurationList section */
		DA1DC9B92B8C11A100CCD31D /* Build configuration list for PBXProject "MobileAppTest" */ = {
			isa = XCConfigurationList;
			buildConfigurations = (
				DA1DC9D02B8C11A200CCD31D /* Debug */,
				DA1DC9D12B8C11A200CCD31D /* Release */,
			);
			defaultConfigurationIsVisible = 0;
			defaultConfigurationName = Release;
		};
		DA1DC9D22B8C11A200CCD31D /* Build configuration list for PBXNativeTarget "MobileAppTest" */ = {
			isa = XCConfigurationList;
			buildConfigurations = (
				DA1DC9D32B8C11A200CCD31D /* Debug */,
				DA1DC9D42B8C11A200CCD31D /* Release */,
			);
			defaultConfigurationIsVisible = 0;
			defaultConfigurationName = Release;
		};
/* End XCConfigurationList section */
	};
	rootObject = DA1DC9B62B8C11A100CCD31D /* Project object */;
}
